github.com/confluentinc/confluent-kafka-go/v2 v2.3.0 h1:icCHutJouWlQREayFwCc7lxDAhws08td+W3/gdqgZts=
github.com/confluentinc/confluent-kafka-go/v2 v2.3.0/go.mod h1:/VTy8iEpe6mD9pkCH5BhijlUl8ulUXymKv1Qig5Rgb8=
github.com/jeanphorn/log4go v0.0.0-20231225120528-d93eb9001e51 h1:2bjRnc5HGMMy3cvUHEfT8fu7soQdgtCJkohJP+aH7Sc=
github.com/jeanphorn/log4go v0.0.0-20231225120528-d93eb9001e51/go.mod h1:4vxH/jWvpiPUs9v5wkmbBTnP5Qk3ViADx7pAQcB7fiE=
github.com/toolkits/file v0.0.0-20160325033739-a5b3c5147e07 h1:d/VUIMNTk65Xz69htmRPNfjypq2uNRqVsymcXQu6kKk=
github.com/toolkits/file v0.0.0-20160325033739-a5b3c5147e07/go.mod h1:FbXpUxsx5in7z/OrWFDdhYetOy3/VGIJsVHN9G7RUPA=
